{
  "originHash" : "5f89246a04dee0ba4dca6e1ee198e6b0de065df2e601f60373f2708688d9f1a9",
  "pins" : [
    {
      "identity" : "batch-ios-sdk",
      "kind" : "remoteSourceControl",
      "location" : "https://github.com/BatchLabs/Batch-iOS-SDK.git",
      "state" : {
        "revision" : "5cdc9374f82414dcce8dbaab02ab6277e16c0d12",
        "version" : "3.1.0"
      }
    },
    {
      "identity" : "batch-ios-sdk-extension",
      "kind" : "remoteSourceControl",
      "location" : "https://github.com/BatchLabs/Batch-iOS-SDK-Extension",
      "state" : {
        "revision" : "eac32b7b218a2e36e41353d35290e67c678027a5",
        "version" : "3.0.3"
      }
    },
    {
      "identity" : "sdwebimage",
      "kind" : "remoteSourceControl",
      "location" : "https://github.com/SDWebImage/SDWebImage.git",
      "state" : {
        "revision" : "2053b120767c42a70bcba21095f34e4cfb54a75d",
        "version" : "5.21.3"
      }
    }
  ],
  "version" : 3
}
