{
  "originHash" : "5f89246a04dee0ba4dca6e1ee198e6b0de065df2e601f60373f2708688d9f1a9",
  "pins" : [
    {
      "identity" : "batch-ios-sdk",
      "kind" : "remoteSourceControl",
      "location" : "https://github.com/BatchLabs/Batch-iOS-SDK.git",
      "state" : {
        "revision" : "4c6c2b321d65eebd2df6f048395b2f3168ec24b2",
        "version" : "3.0.1"
      }
    },
    {
      "identity" : "batch-ios-sdk-extension",
      "kind" : "remoteSourceControl",
      "location" : "https://github.com/BatchLabs/Batch-iOS-SDK-Extension",
      "state" : {
        "revision" : "eac32b7b218a2e36e41353d35290e67c678027a5",
        "version" : "3.0.3"
      }
    },
    {
      "identity" : "sdwebimage",
      "kind" : "remoteSourceControl",
      "location" : "https://github.com/SDWebImage/SDWebImage.git",
      "state" : {
        "revision" : "3e48cb68d8e668d146dc59c73fb98cb628616236",
        "version" : "5.13.2"
      }
    }
  ],
  "version" : 3
}
