{
  "pins" : [
    {
      "identity" : "batch-ios-sdk",
      "kind" : "remoteSourceControl",
      "location" : "https://github.com/BatchLabs/Batch-iOS-SDK.git",
      "state" : {
        "revision" : "52640fa8f487e502e38e5d1d36a0e4c0006e546e",
        "version" : "1.19.2"
      }
    },
    {
      "identity" : "batch-ios-sdk-extension",
      "kind" : "remoteSourceControl",
      "location" : "https://github.com/BatchLabs/Batch-iOS-SDK-Extension",
      "state" : {
        "revision" : "00e98d801be70ef8688e56a8f5a9bc9042307288",
        "version" : "2.0.1"
      }
    },
    {
      "identity" : "sdwebimage",
      "kind" : "remoteSourceControl",
      "location" : "https://github.com/SDWebImage/SDWebImage.git",
      "state" : {
        "revision" : "3e48cb68d8e668d146dc59c73fb98cb628616236",
        "version" : "5.13.2"
      }
    }
  ],
  "version" : 2
}
